# THIS IS AN AUTOGENERATED FILE. DO NOT EDIT THIS FILE DIRECTLY.
# yarn lockfile v1


ansi-regex@6.0.0:
  version "6.0.0"
  resolved "https://registry.npmjs.org/ansi-regex/-/ansi-regex-6.0.0.tgz"
  integrity sha512-tAaOSrWCHF+1Ear1Z4wnJCXA9GGox4K6Ic85a5qalES2aeEwQGr7UC93mwef49536PkCYjzkp0zIxfFvexJ6zQ==

lodash@4.17.3:
  version "4.17.3"
  resolved "https://registry.npmjs.org/lodash/-/lodash-4.17.3.tgz"
  integrity sha512-H+sg4+uBLOBrw9833P6gCURJjV+puWPbxM8S3H4ORlhVCmQpF5yCE50bc4Exaqm9U5Nhjw83Okq1azyb1U7mxw==

turbo-darwin-arm64@1.13.4:
  version "1.13.4"
  resolved "https://registry.npmjs.org/turbo-darwin-arm64/-/turbo-darwin-arm64-1.13.4.tgz"
  integrity sha512-eG769Q0NF6/Vyjsr3mKCnkG/eW6dKMBZk6dxWOdrHfrg6QgfkBUk0WUUujzdtVPiUIvsh4l46vQrNVd9EOtbyA==

turbo@^1.10.13:
  version "1.13.4"
  resolved "https://registry.npmjs.org/turbo/-/turbo-1.13.4.tgz"
  integrity sha512-1q7+9UJABuBAHrcC4Sxp5lOqYS5mvxRrwa33wpIyM18hlOCpRD/fTJNxZ0vhbMcJmz15o9kkVm743mPn7p6jpQ==
  optionalDependencies:
    turbo-darwin-64 "1.13.4"
    turbo-darwin-arm64 "1.13.4"
    turbo-linux-64 "1.13.4"
    turbo-linux-arm64 "1.13.4"
    turbo-windows-64 "1.13.4"
    turbo-windows-arm64 "1.13.4"
