# This file is generated by running "yarn install" inside your project.
# Manual changes might be lost - proceed with caution!

__metadata:
  version: 6
  cacheKey: 8

"root-workspace-0b6124@workspace:.":
  version: 0.0.0-use.local
  resolution: "root-workspace-0b6124@workspace:."
  dependencies:
    turbo: ^1.10.13
  languageName: unknown
  linkType: soft

"turbo-darwin-64@npm:1.10.13":
  version: 1.10.13
  resolution: "turbo-darwin-64@npm:1.10.13"
  conditions: os=darwin & cpu=x64
  languageName: node
  linkType: hard

"turbo-darwin-arm64@npm:1.10.13":
  version: 1.10.13
  resolution: "turbo-darwin-arm64@npm:1.10.13"
  conditions: os=darwin & cpu=arm64
  languageName: node
  linkType: hard

"turbo-linux-64@npm:1.10.13":
  version: 1.10.13
  resolution: "turbo-linux-64@npm:1.10.13"
  conditions: os=linux & cpu=x64
  languageName: node
  linkType: hard

"turbo-linux-arm64@npm:1.10.13":
  version: 1.10.13
  resolution: "turbo-linux-arm64@npm:1.10.13"
  conditions: os=linux & cpu=arm64
  languageName: node
  linkType: hard

"turbo-windows-64@npm:1.10.13":
  version: 1.10.13
  resolution: "turbo-windows-64@npm:1.10.13"
  conditions: os=win32 & cpu=x64
  languageName: node
  linkType: hard

"turbo-windows-arm64@npm:1.10.13":
  version: 1.10.13
  resolution: "turbo-windows-arm64@npm:1.10.13"
  conditions: os=win32 & cpu=arm64
  languageName: node
  linkType: hard

"turbo@npm:^1.10.13":
  version: 1.10.13
  resolution: "turbo@npm:1.10.13"
  dependencies:
    turbo-darwin-64: 1.10.13
    turbo-darwin-arm64: 1.10.13
    turbo-linux-64: 1.10.13
    turbo-linux-arm64: 1.10.13
    turbo-windows-64: 1.10.13
    turbo-windows-arm64: 1.10.13
  dependenciesMeta:
    turbo-darwin-64:
      optional: true
    turbo-darwin-arm64:
      optional: true
    turbo-linux-64:
      optional: true
    turbo-linux-arm64:
      optional: true
    turbo-windows-64:
      optional: true
    turbo-windows-arm64:
      optional: true
  bin:
    turbo: bin/turbo
  checksum: 0c000c671534c8c80270c6d1fc77646df0e44164c0db561a85b3fefadd4bda6d5920626d067abb09af38613024e3984fb8d8bc5be922dae6236eda6aab9447a2
  languageName: node
  linkType: hard
